
Microsoft Visual Studio Solution File, Format Version 12.00
# Visual Studio Version 16
VisualStudioVersion = 16.0.32106.194
MinimumVisualStudioVersion = 10.0.40219.1
Project("{FAE04EC0-301F-11D3-BF4B-00C04F79EFBC}") = "MaioresValoresentreTres", "MaioresValoresentreTres\MaioresValoresentreTres.csproj", "{40F3C69B-25D1-40BE-B86B-27D30E4133DD}"
EndProject
Global
	GlobalSection(SolutionConfigurationPlatforms) = preSolution
		Debug|Any CPU = Debug|Any CPU
		Release|Any CPU = Release|Any CPU
	EndGlobalSection
	GlobalSection(ProjectConfigurationPlatforms) = postSolution
		{40F3C69B-25D1-40BE-B86B-27D30E4133DD}.Debug|Any CPU.ActiveCfg = Debug|Any CPU
		{40F3C69B-25D1-40BE-B86B-27D30E4133DD}.Debug|Any CPU.Build.0 = Debug|Any CPU
		{40F3C69B-25D1-40BE-B86B-27D30E4133DD}.Release|Any CPU.ActiveCfg = Release|Any CPU
		{40F3C69B-25D1-40BE-B86B-27D30E4133DD}.Release|Any CPU.Build.0 = Release|Any CPU
	EndGlobalSection
	GlobalSection(SolutionProperties) = preSolution
		HideSolutionNode = FALSE
	EndGlobalSection
	GlobalSection(ExtensibilityGlobals) = postSolution
		SolutionGuid = {459F14F6-BB99-4E0E-B777-B7BF1B5C9F82}
	EndGlobalSection
EndGlobal
